
Microsoft Visual Studio Solution File, Format Version 12.00
# Visual Studio Version 16
VisualStudioVersion = 16.0.29519.87
MinimumVisualStudioVersion = 10.0.40219.1
Project("{9A19103F-16F7-4668-BE54-9A1E7A4F7556}") = "Ara.Admin.Repository", "Ara.Admin.Repository\Ara.Admin.Repository.csproj", "{377FB1A6-DE65-48E3-B144-199630894813}"
EndProject
Project("{9A19103F-16F7-4668-BE54-9A1E7A4F7556}") = "Ara.Admin.Server", "Ara.Admin.Server\Ara.Admin.Server.csproj", "{4E3DF301-260C-46F9-8456-B4013CC7ACC7}"
EndProject
Project("{2150E333-8FDC-42A3-9474-1A3956D46DE8}") = "Tests", "Tests", "{614242CC-187A-4FEE-9A0F-808978373E90}"
EndProject
Project("{9A19103F-16F7-4668-BE54-9A1E7A4F7556}") = "Ara.Admin.Repository.Tests", "Tests\Ara.Admin.Repository.Tests\Ara.Admin.Repository.Tests.csproj", "{813397A3-5FE2-4F62-88AC-65ACE6DDBA04}"
EndProject
Project("{9A19103F-16F7-4668-BE54-9A1E7A4F7556}") = "Ara.Admin.Service", "Ara.Admin.Service\Ara.Admin.Service.csproj", "{03CBC980-4AC9-4E26-A172-91339BD6B1E5}"
EndProject
Project("{9A19103F-16F7-4668-BE54-9A1E7A4F7556}") = "Ara.Admin.Service.Tests", "Tests\Ara.Admin.Service.Tests\Ara.Admin.Service.Tests.csproj", "{2B0B69BB-C32B-4279-B46A-A81981306222}"
EndProject
Project("{9A19103F-16F7-4668-BE54-9A1E7A4F7556}") = "Ara.Admin.Server.Tests", "Tests\Ara.Admin.Server.Tests\Ara.Admin.Server.Tests.csproj", "{1C671D91-4DC4-48A4-87F6-89B339DA1F11}"
EndProject
Project("{9A19103F-16F7-4668-BE54-9A1E7A4F7556}") = "Ara.Admin.Common", "Ara.Admin.Common\Ara.Admin.Common.csproj", "{C4943C4E-CCA0-43EC-BE6C-3E2DFA410F31}"
EndProject
Project("{9A19103F-16F7-4668-BE54-9A1E7A4F7556}") = "Ara.Admin.Common.Tests", "Tests\Ara.Admin.Common.Tests\Ara.Admin.Common.Tests.csproj", "{752146E2-8594-4D3F-8A93-70BC68764250}"
EndProject
Project("{9A19103F-16F7-4668-BE54-9A1E7A4F7556}") = "Ara.Interface.Server", "Ara.Interface.Server\Ara.Interface.Server.csproj", "{7BAC8EF8-7725-45A5-8723-7297508AAA78}"
EndProject
Project("{9A19103F-16F7-4668-BE54-9A1E7A4F7556}") = "Ara.Interface.Server.Tests", "Tests\Ara.Interface.Server.Tests\Ara.Interface.Server.Tests.csproj", "{513ACA95-8C82-40D3-A207-8AEFD55F34B7}"
EndProject
Project("{9A19103F-16F7-4668-BE54-9A1E7A4F7556}") = "Ara.Admin.Repository.Tests.Integration", "Tests\Ara.Admin.Repository.Tests.Integration\Ara.Admin.Repository.Tests.Integration.csproj", "{03A80502-00E8-4222-B2D0-4C956E899A21}"
EndProject
Project("{9A19103F-16F7-4668-BE54-9A1E7A4F7556}") = "Ara.Admin.Repository.Tests.Common", "Tests\Ara.Admin.Repository.Tests.Common\Ara.Admin.Repository.Tests.Common.csproj", "{7B906255-889B-4AFB-99CA-12D61FF80368}"
EndProject
Project("{9A19103F-16F7-4668-BE54-9A1E7A4F7556}") = "Ara.Admin.Function", "Ara.Admin.Function\Ara.Admin.Function.csproj", "{74BD611B-C0B8-4006-A193-AAF64D1E76C5}"
EndProject
Project("{9A19103F-16F7-4668-BE54-9A1E7A4F7556}") = "Ara.Admin.Function.Tests", "Tests\Ara.Admin.Function.Tests\Ara.Admin.Function.Tests.csproj", "{BA04571C-1246-443A-925C-99E3D3023352}"
EndProject
Global
	GlobalSection(SolutionConfigurationPlatforms) = preSolution
		Debug|Any CPU = Debug|Any CPU
		Release|Any CPU = Release|Any CPU
	EndGlobalSection
	GlobalSection(ProjectConfigurationPlatforms) = postSolution
		{377FB1A6-DE65-48E3-B144-199630894813}.Debug|Any CPU.ActiveCfg = Debug|Any CPU
		{377FB1A6-DE65-48E3-B144-199630894813}.Debug|Any CPU.Build.0 = Debug|Any CPU
		{377FB1A6-DE65-48E3-B144-199630894813}.Release|Any CPU.ActiveCfg = Release|Any CPU
		{377FB1A6-DE65-48E3-B144-199630894813}.Release|Any CPU.Build.0 = Release|Any CPU
		{4E3DF301-260C-46F9-8456-B4013CC7ACC7}.Debug|Any CPU.ActiveCfg = Debug|Any CPU
		{4E3DF301-260C-46F9-8456-B4013CC7ACC7}.Debug|Any CPU.Build.0 = Debug|Any CPU
		{4E3DF301-260C-46F9-8456-B4013CC7ACC7}.Release|Any CPU.ActiveCfg = Release|Any CPU
		{4E3DF301-260C-46F9-8456-B4013CC7ACC7}.Release|Any CPU.Build.0 = Release|Any CPU
		{813397A3-5FE2-4F62-88AC-65ACE6DDBA04}.Debug|Any CPU.ActiveCfg = Debug|Any CPU
		{813397A3-5FE2-4F62-88AC-65ACE6DDBA04}.Debug|Any CPU.Build.0 = Debug|Any CPU
		{813397A3-5FE2-4F62-88AC-65ACE6DDBA04}.Release|Any CPU.ActiveCfg = Release|Any CPU
		{813397A3-5FE2-4F62-88AC-65ACE6DDBA04}.Release|Any CPU.Build.0 = Release|Any CPU
		{03CBC980-4AC9-4E26-A172-91339BD6B1E5}.Debug|Any CPU.ActiveCfg = Debug|Any CPU
		{03CBC980-4AC9-4E26-A172-91339BD6B1E5}.Debug|Any CPU.Build.0 = Debug|Any CPU
		{03CBC980-4AC9-4E26-A172-91339BD6B1E5}.Release|Any CPU.ActiveCfg = Release|Any CPU
		{03CBC980-4AC9-4E26-A172-91339BD6B1E5}.Release|Any CPU.Build.0 = Release|Any CPU
		{2B0B69BB-C32B-4279-B46A-A81981306222}.Debug|Any CPU.ActiveCfg = Debug|Any CPU
		{2B0B69BB-C32B-4279-B46A-A81981306222}.Debug|Any CPU.Build.0 = Debug|Any CPU
		{2B0B69BB-C32B-4279-B46A-A81981306222}.Release|Any CPU.ActiveCfg = Release|Any CPU
		{2B0B69BB-C32B-4279-B46A-A81981306222}.Release|Any CPU.Build.0 = Release|Any CPU
		{1C671D91-4DC4-48A4-87F6-89B339DA1F11}.Debug|Any CPU.ActiveCfg = Debug|Any CPU
		{1C671D91-4DC4-48A4-87F6-89B339DA1F11}.Debug|Any CPU.Build.0 = Debug|Any CPU
		{1C671D91-4DC4-48A4-87F6-89B339DA1F11}.Release|Any CPU.ActiveCfg = Release|Any CPU
		{1C671D91-4DC4-48A4-87F6-89B339DA1F11}.Release|Any CPU.Build.0 = Release|Any CPU
		{C4943C4E-CCA0-43EC-BE6C-3E2DFA410F31}.Debug|Any CPU.ActiveCfg = Debug|Any CPU
		{C4943C4E-CCA0-43EC-BE6C-3E2DFA410F31}.Debug|Any CPU.Build.0 = Debug|Any CPU
		{C4943C4E-CCA0-43EC-BE6C-3E2DFA410F31}.Release|Any CPU.ActiveCfg = Release|Any CPU
		{C4943C4E-CCA0-43EC-BE6C-3E2DFA410F31}.Release|Any CPU.Build.0 = Release|Any CPU
		{752146E2-8594-4D3F-8A93-70BC68764250}.Debug|Any CPU.ActiveCfg = Debug|Any CPU
		{752146E2-8594-4D3F-8A93-70BC68764250}.Debug|Any CPU.Build.0 = Debug|Any CPU
		{752146E2-8594-4D3F-8A93-70BC68764250}.Release|Any CPU.ActiveCfg = Release|Any CPU
		{752146E2-8594-4D3F-8A93-70BC68764250}.Release|Any CPU.Build.0 = Release|Any CPU
		{7BAC8EF8-7725-45A5-8723-7297508AAA78}.Debug|Any CPU.ActiveCfg = Debug|Any CPU
		{7BAC8EF8-7725-45A5-8723-7297508AAA78}.Debug|Any CPU.Build.0 = Debug|Any CPU
		{7BAC8EF8-7725-45A5-8723-7297508AAA78}.Release|Any CPU.ActiveCfg = Release|Any CPU
		{7BAC8EF8-7725-45A5-8723-7297508AAA78}.Release|Any CPU.Build.0 = Release|Any CPU
		{513ACA95-8C82-40D3-A207-8AEFD55F34B7}.Debug|Any CPU.ActiveCfg = Debug|Any CPU
		{513ACA95-8C82-40D3-A207-8AEFD55F34B7}.Debug|Any CPU.Build.0 = Debug|Any CPU
		{513ACA95-8C82-40D3-A207-8AEFD55F34B7}.Release|Any CPU.ActiveCfg = Release|Any CPU
		{513ACA95-8C82-40D3-A207-8AEFD55F34B7}.Release|Any CPU.Build.0 = Release|Any CPU
		{03A80502-00E8-4222-B2D0-4C956E899A21}.Debug|Any CPU.ActiveCfg = Debug|Any CPU
		{03A80502-00E8-4222-B2D0-4C956E899A21}.Debug|Any CPU.Build.0 = Debug|Any CPU
		{03A80502-00E8-4222-B2D0-4C956E899A21}.Release|Any CPU.ActiveCfg = Release|Any CPU
		{03A80502-00E8-4222-B2D0-4C956E899A21}.Release|Any CPU.Build.0 = Release|Any CPU
		{7B906255-889B-4AFB-99CA-12D61FF80368}.Debug|Any CPU.ActiveCfg = Debug|Any CPU
		{7B906255-889B-4AFB-99CA-12D61FF80368}.Debug|Any CPU.Build.0 = Debug|Any CPU
		{7B906255-889B-4AFB-99CA-12D61FF80368}.Release|Any CPU.ActiveCfg = Release|Any CPU
		{7B906255-889B-4AFB-99CA-12D61FF80368}.Release|Any CPU.Build.0 = Release|Any CPU
		{74BD611B-C0B8-4006-A193-AAF64D1E76C5}.Debug|Any CPU.ActiveCfg = Debug|Any CPU
		{74BD611B-C0B8-4006-A193-AAF64D1E76C5}.Debug|Any CPU.Build.0 = Debug|Any CPU
		{74BD611B-C0B8-4006-A193-AAF64D1E76C5}.Release|Any CPU.ActiveCfg = Release|Any CPU
		{74BD611B-C0B8-4006-A193-AAF64D1E76C5}.Release|Any CPU.Build.0 = Release|Any CPU
		{BA04571C-1246-443A-925C-99E3D3023352}.Debug|Any CPU.ActiveCfg = Debug|Any CPU
		{BA04571C-1246-443A-925C-99E3D3023352}.Debug|Any CPU.Build.0 = Debug|Any CPU
		{BA04571C-1246-443A-925C-99E3D3023352}.Release|Any CPU.ActiveCfg = Release|Any CPU
		{BA04571C-1246-443A-925C-99E3D3023352}.Release|Any CPU.Build.0 = Release|Any CPU
	EndGlobalSection
	GlobalSection(SolutionProperties) = preSolution
		HideSolutionNode = FALSE
	EndGlobalSection
	GlobalSection(NestedProjects) = preSolution
		{813397A3-5FE2-4F62-88AC-65ACE6DDBA04} = {614242CC-187A-4FEE-9A0F-808978373E90}
		{2B0B69BB-C32B-4279-B46A-A81981306222} = {614242CC-187A-4FEE-9A0F-808978373E90}
		{1C671D91-4DC4-48A4-87F6-89B339DA1F11} = {614242CC-187A-4FEE-9A0F-808978373E90}
		{752146E2-8594-4D3F-8A93-70BC68764250} = {614242CC-187A-4FEE-9A0F-808978373E90}
		{513ACA95-8C82-40D3-A207-8AEFD55F34B7} = {614242CC-187A-4FEE-9A0F-808978373E90}
		{03A80502-00E8-4222-B2D0-4C956E899A21} = {614242CC-187A-4FEE-9A0F-808978373E90}
		{7B906255-889B-4AFB-99CA-12D61FF80368} = {614242CC-187A-4FEE-9A0F-808978373E90}
		{BA04571C-1246-443A-925C-99E3D3023352} = {614242CC-187A-4FEE-9A0F-808978373E90}
	EndGlobalSection
	GlobalSection(ExtensibilityGlobals) = postSolution
		SolutionGuid = {3DB34840-D8B3-4F0B-B513-5F1871986331}
	EndGlobalSection
EndGlobal
